// !$*UTF8*$!
{
	archiveVersion = 1;
	classes = {
	};
	objectVersion = 55;
	objects = {

/* Begin PBXBuildFile section */
		28380DDC28C8394F00484E9A /* AppDelegate.swift in Sources */ = {isa = PBXBuildFile; fileRef = 28380DDB28C8394F00484E9A /* AppDelegate.swift */; };
		28380DDE28C8394F00484E9A /* SceneDelegate.swift in Sources */ = {isa = PBXBuildFile; fileRef = 28380DDD28C8394F00484E9A /* SceneDelegate.swift */; };
		28380DE628C8394F00484E9A /* OwnPhrase.xcdatamodeld in Sources */ = {isa = PBXBuildFile; fileRef = 28380DE428C8394F00484E9A /* OwnPhrase.xcdatamodeld */; };
		28380DE828C8395100484E9A /* Assets.xcassets in Resources */ = {isa = PBXBuildFile; fileRef = 28380DE728C8395100484E9A /* Assets.xcassets */; };
		28380DEB28C8395100484E9A /* LaunchScreen.storyboard in Resources */ = {isa = PBXBuildFile; fileRef = 28380DE928C8395100484E9A /* LaunchScreen.storyboard */; };
		28380DFA28C83DC900484E9A /* OnLaunch.xib in Resources */ = {isa = PBXBuildFile; fileRef = 28380DF828C83DC900484E9A /* OnLaunch.xib */; };
		28380E0128C83E0D00484E9A /* OnLaunchPresenter.swift in Sources */ = {isa = PBXBuildFile; fileRef = 28380DFC28C83E0D00484E9A /* OnLaunchPresenter.swift */; };
		28380E0228C83E0D00484E9A /* OnLaunchRouter.swift in Sources */ = {isa = PBXBuildFile; fileRef = 28380DFD28C83E0D00484E9A /* OnLaunchRouter.swift */; };
		28380E0328C83E0D00484E9A /* OnLaunch.swift in Sources */ = {isa = PBXBuildFile; fileRef = 28380DFE28C83E0D00484E9A /* OnLaunch.swift */; };
		28380E0428C83E0D00484E9A /* OnLaunchProtocols.swift in Sources */ = {isa = PBXBuildFile; fileRef = 28380DFF28C83E0D00484E9A /* OnLaunchProtocols.swift */; };
		28380E0528C83E0D00484E9A /* OnLaunchInteractor.swift in Sources */ = {isa = PBXBuildFile; fileRef = 28380E0028C83E0D00484E9A /* OnLaunchInteractor.swift */; };
		28380E0728C83E3F00484E9A /* APIManager.swift in Sources */ = {isa = PBXBuildFile; fileRef = 28380E0628C83E3F00484E9A /* APIManager.swift */; };
/* End PBXBuildFile section */

/* Begin PBXFileReference section */
		28380DD828C8394F00484E9A /* OwnPhrase.app */ = {isa = PBXFileReference; explicitFileType = wrapper.application; includeInIndex = 0; path = OwnPhrase.app; sourceTree = BUILT_PRODUCTS_DIR; };
		28380DDB28C8394F00484E9A /* AppDelegate.swift */ = {isa = PBXFileReference; lastKnownFileType = sourcecode.swift; path = AppDelegate.swift; sourceTree = "<group>"; };
		28380DDD28C8394F00484E9A /* SceneDelegate.swift */ = {isa = PBXFileReference; lastKnownFileType = sourcecode.swift; path = SceneDelegate.swift; sourceTree = "<group>"; };
		28380DE528C8394F00484E9A /* OwnPhrase.xcdatamodel */ = {isa = PBXFileReference; lastKnownFileType = wrapper.xcdatamodel; path = OwnPhrase.xcdatamodel; sourceTree = "<group>"; };
		28380DE728C8395100484E9A /* Assets.xcassets */ = {isa = PBXFileReference; lastKnownFileType = folder.assetcatalog; path = Assets.xcassets; sourceTree = "<group>"; };
		28380DEA28C8395100484E9A /* Base */ = {isa = PBXFileReference; lastKnownFileType = file.storyboard; name = Base; path = Base.lproj/LaunchScreen.storyboard; sourceTree = "<group>"; };
		28380DEC28C8395100484E9A /* Info.plist */ = {isa = PBXFileReference; lastKnownFileType = text.plist.xml; path = Info.plist; sourceTree = "<group>"; };
		28380DF828C83DC900484E9A /* OnLaunch.xib */ = {isa = PBXFileReference; lastKnownFileType = file.xib; path = OnLaunch.xib; sourceTree = "<group>"; };
		28380DFC28C83E0D00484E9A /* OnLaunchPresenter.swift */ = {isa = PBXFileReference; lastKnownFileType = sourcecode.swift; path = OnLaunchPresenter.swift; sourceTree = "<group>"; };
		28380DFD28C83E0D00484E9A /* OnLaunchRouter.swift */ = {isa = PBXFileReference; lastKnownFileType = sourcecode.swift; path = OnLaunchRouter.swift; sourceTree = "<group>"; };
		28380DFE28C83E0D00484E9A /* OnLaunch.swift */ = {isa = PBXFileReference; lastKnownFileType = sourcecode.swift; path = OnLaunch.swift; sourceTree = "<group>"; };
		28380DFF28C83E0D00484E9A /* OnLaunchProtocols.swift */ = {isa = PBXFileReference; lastKnownFileType = sourcecode.swift; path = OnLaunchProtocols.swift; sourceTree = "<group>"; };
		28380E0028C83E0D00484E9A /* OnLaunchInteractor.swift */ = {isa = PBXFileReference; lastKnownFileType = sourcecode.swift; path = OnLaunchInteractor.swift; sourceTree = "<group>"; };
		28380E0628C83E3F00484E9A /* APIManager.swift */ = {isa = PBXFileReference; lastKnownFileType = sourcecode.swift; path = APIManager.swift; sourceTree = "<group>"; };
/* End PBXFileReference section */

/* Begin PBXFrameworksBuildPhase section */
		28380DD528C8394F00484E9A /* Frameworks */ = {
			isa = PBXFrameworksBuildPhase;
			buildActionMask = 2147483647;
			files = (
			);
			runOnlyForDeploymentPostprocessing = 0;
		};
/* End PBXFrameworksBuildPhase section */

/* Begin PBXGroup section */
		28380DCF28C8394F00484E9A = {
			isa = PBXGroup;
			children = (
				28380DDA28C8394F00484E9A /* OwnPhrase */,
				28380DD928C8394F00484E9A /* Products */,
			);
			sourceTree = "<group>";
		};
		28380DD928C8394F00484E9A /* Products */ = {
			isa = PBXGroup;
			children = (
				28380DD828C8394F00484E9A /* OwnPhrase.app */,
			);
			name = Products;
			sourceTree = "<group>";
		};
		28380DDA28C8394F00484E9A /* OwnPhrase */ = {
			isa = PBXGroup;
			children = (
				28380DF428C839CB00484E9A /* Domain */,
				28380DF328C839B300484E9A /* Presentation */,
				28380DF528C839DA00484E9A /* Infrastructure */,
				28380DF228C8399600484E9A /* Networking */,
				28380DDB28C8394F00484E9A /* AppDelegate.swift */,
				28380DDD28C8394F00484E9A /* SceneDelegate.swift */,
				28380DE728C8395100484E9A /* Assets.xcassets */,
				28380DE928C8395100484E9A /* LaunchScreen.storyboard */,
				28380DEC28C8395100484E9A /* Info.plist */,
				28380DE428C8394F00484E9A /* OwnPhrase.xcdatamodeld */,
			);
			path = OwnPhrase;
			sourceTree = "<group>";
		};
		28380DF228C8399600484E9A /* Networking */ = {
			isa = PBXGroup;
			children = (
				28380E0928C83E7000484E9A /* Services */,
				28380E0828C83E6400484E9A /* APIRouters */,
			);
			path = Networking;
			sourceTree = "<group>";
		};
		28380DF328C839B300484E9A /* Presentation */ = {
			isa = PBXGroup;
			children = (
				28380DFB28C83DCD00484E9A /* OnLaunch */,
			);
			path = Presentation;
			sourceTree = "<group>";
		};
		28380DF428C839CB00484E9A /* Domain */ = {
			isa = PBXGroup;
			children = (
			);
			path = Domain;
			sourceTree = "<group>";
		};
		28380DF528C839DA00484E9A /* Infrastructure */ = {
			isa = PBXGroup;
			children = (
				28380DF628C83D7500484E9A /* Networking */,
			);
			path = Infrastructure;
			sourceTree = "<group>";
		};
		28380DF628C83D7500484E9A /* Networking */ = {
			isa = PBXGroup;
			children = (
				28380E0628C83E3F00484E9A /* APIManager.swift */,
			);
			path = Networking;
			sourceTree = "<group>";
		};
		28380DFB28C83DCD00484E9A /* OnLaunch */ = {
			isa = PBXGroup;
			children = (
				28380DF828C83DC900484E9A /* OnLaunch.xib */,
				28380DFE28C83E0D00484E9A /* OnLaunch.swift */,
				28380DFC28C83E0D00484E9A /* OnLaunchPresenter.swift */,
				28380DFD28C83E0D00484E9A /* OnLaunchRouter.swift */,
				28380DFF28C83E0D00484E9A /* OnLaunchProtocols.swift */,
				28380E0028C83E0D00484E9A /* OnLaunchInteractor.swift */,
			);
			path = OnLaunch;
			sourceTree = "<group>";
		};
		28380E0828C83E6400484E9A /* APIRouters */ = {
			isa = PBXGroup;
			children = (
			);
			path = APIRouters;
			sourceTree = "<group>";
		};
		28380E0928C83E7000484E9A /* Services */ = {
			isa = PBXGroup;
			children = (
			);
			path = Services;
			sourceTree = "<group>";
		};
/* End PBXGroup section */

/* Begin PBXNativeTarget section */
		28380DD728C8394F00484E9A /* OwnPhrase */ = {
			isa = PBXNativeTarget;
			buildConfigurationList = 28380DEF28C8395100484E9A /* Build configuration list for PBXNativeTarget "OwnPhrase" */;
			buildPhases = (
				28380DD428C8394F00484E9A /* Sources */,
				28380DD528C8394F00484E9A /* Frameworks */,
				28380DD628C8394F00484E9A /* Resources */,
			);
			buildRules = (
			);
			dependencies = (
			);
			name = OwnPhrase;
			productName = OwnPhrase;
			productReference = 28380DD828C8394F00484E9A /* OwnPhrase.app */;
			productType = "com.apple.product-type.application";
		};
/* End PBXNativeTarget section */

/* Begin PBXProject section */
		28380DD028C8394F00484E9A /* Project object */ = {
			isa = PBXProject;
			attributes = {
				BuildIndependentTargetsInParallel = 1;
				LastSwiftUpdateCheck = 1340;
				LastUpgradeCheck = 1340;
				TargetAttributes = {
					28380DD728C8394F00484E9A = {
						CreatedOnToolsVersion = 13.4.1;
					};
				};
			};
			buildConfigurationList = 28380DD328C8394F00484E9A /* Build configuration list for PBXProject "OwnPhrase" */;
			compatibilityVersion = "Xcode 13.0";
			developmentRegion = en;
			hasScannedForEncodings = 0;
			knownRegions = (
				en,
				Base,
			);
			mainGroup = 28380DCF28C8394F00484E9A;
			productRefGroup = 28380DD928C8394F00484E9A /* Products */;
			projectDirPath = "";
			projectRoot = "";
			targets = (
				28380DD728C8394F00484E9A /* OwnPhrase */,
			);
		};
/* End PBXProject section */

/* Begin PBXResourcesBuildPhase section */
		28380DD628C8394F00484E9A /* Resources */ = {
			isa = PBXResourcesBuildPhase;
			buildActionMask = 2147483647;
			files = (
				28380DEB28C8395100484E9A /* LaunchScreen.storyboard in Resources */,
				28380DFA28C83DC900484E9A /* OnLaunch.xib in Resources */,
				28380DE828C8395100484E9A /* Assets.xcassets in Resources */,
			);
			runOnlyForDeploymentPostprocessing = 0;
		};
/* End PBXResourcesBuildPhase section */

/* Begin PBXSourcesBuildPhase section */
		28380DD428C8394F00484E9A /* Sources */ = {
			isa = PBXSourcesBuildPhase;
			buildActionMask = 2147483647;
			files = (
				28380E0128C83E0D00484E9A /* OnLaunchPresenter.swift in Sources */,
				28380E0728C83E3F00484E9A /* APIManager.swift in Sources */,
				28380E0228C83E0D00484E9A /* OnLaunchRouter.swift in Sources */,
				28380DE628C8394F00484E9A /* OwnPhrase.xcdatamodeld in Sources */,
				28380DDC28C8394F00484E9A /* AppDelegate.swift in Sources */,
				28380DDE28C8394F00484E9A /* SceneDelegate.swift in Sources */,
				28380E0328C83E0D00484E9A /* OnLaunch.swift in Sources */,
				28380E0428C83E0D00484E9A /* OnLaunchProtocols.swift in Sources */,
				28380E0528C83E0D00484E9A /* OnLaunchInteractor.swift in Sources */,
			);
			runOnlyForDeploymentPostprocessing = 0;
		};
/* End PBXSourcesBuildPhase section */

/* Begin PBXVariantGroup section */
		28380DE928C8395100484E9A /* LaunchScreen.storyboard */ = {
			isa = PBXVariantGroup;
			children = (
				28380DEA28C8395100484E9A /* Base */,
			);
			name = LaunchScreen.storyboard;
			sourceTree = "<group>";
		};
/* End PBXVariantGroup section */

/* Begin XCBuildConfiguration section */
		28380DED28C8395100484E9A /* Debug */ = {
			isa = XCBuildConfiguration;
			buildSettings = {
				ALWAYS_SEARCH_USER_PATHS = NO;
				CLANG_ANALYZER_NONNULL = YES;
				CLANG_ANALYZER_NUMBER_OBJECT_CONVERSION = YES_AGGRESSIVE;
				CLANG_CXX_LANGUAGE_STANDARD = "gnu++17";
				CLANG_ENABLE_MODULES = YES;
				CLANG_ENABLE_OBJC_ARC = YES;
				CLANG_ENABLE_OBJC_WEAK = YES;
				CLANG_WARN_BLOCK_CAPTURE_AUTORELEASING = YES;
				CLANG_WARN_BOOL_CONVERSION = YES;
				CLANG_WARN_COMMA = YES;
				CLANG_WARN_CONSTANT_CONVERSION = YES;
				CLANG_WARN_DEPRECATED_OBJC_IMPLEMENTATIONS = YES;
				CLANG_WARN_DIRECT_OBJC_ISA_USAGE = YES_ERROR;
				CLANG_WARN_DOCUMENTATION_COMMENTS = YES;
				CLANG_WARN_EMPTY_BODY = YES;
				CLANG_WARN_ENUM_CONVERSION = YES;
				CLANG_WARN_INFINITE_RECURSION = YES;
				CLANG_WARN_INT_CONVERSION = YES;
				CLANG_WARN_NON_LITERAL_NULL_CONVERSION = YES;
				CLANG_WARN_OBJC_IMPLICIT_RETAIN_SELF = YES;
				CLANG_WARN_OBJC_LITERAL_CONVERSION = YES;
				CLANG_WARN_OBJC_ROOT_CLASS = YES_ERROR;
				CLANG_WARN_QUOTED_INCLUDE_IN_FRAMEWORK_HEADER = YES;
				CLANG_WARN_RANGE_LOOP_ANALYSIS = YES;
				CLANG_WARN_STRICT_PROTOTYPES = YES;
				CLANG_WARN_SUSPICIOUS_MOVE = YES;
				CLANG_WARN_UNGUARDED_AVAILABILITY = YES_AGGRESSIVE;
				CLANG_WARN_UNREACHABLE_CODE = YES;
				CLANG_WARN__DUPLICATE_METHOD_MATCH = YES;
				COPY_PHASE_STRIP = NO;
				DEBUG_INFORMATION_FORMAT = dwarf;
				ENABLE_STRICT_OBJC_MSGSEND = YES;
				ENABLE_TESTABILITY = YES;
				GCC_C_LANGUAGE_STANDARD = gnu11;
				GCC_DYNAMIC_NO_PIC = NO;
				GCC_NO_COMMON_BLOCKS = YES;
				GCC_OPTIMIZATION_LEVEL = 0;
				GCC_PREPROCESSOR_DEFINITIONS = (
					"DEBUG=1",
					"$(inherited)",
				);
				GCC_WARN_64_TO_32_BIT_CONVERSION = YES;
				GCC_WARN_ABOUT_RETURN_TYPE = YES_ERROR;
				GCC_WARN_UNDECLARED_SELECTOR = YES;
				GCC_WARN_UNINITIALIZED_AUTOS = YES_AGGRESSIVE;
				GCC_WARN_UNUSED_FUNCTION = YES;
				GCC_WARN_UNUSED_VARIABLE = YES;
				IPHONEOS_DEPLOYMENT_TARGET = 15.5;
				MTL_ENABLE_DEBUG_INFO = INCLUDE_SOURCE;
				MTL_FAST_MATH = YES;
				ONLY_ACTIVE_ARCH = YES;
				SDKROOT = iphoneos;
				SWIFT_ACTIVE_COMPILATION_CONDITIONS = DEBUG;
				SWIFT_OPTIMIZATION_LEVEL = "-Onone";
			};
			name = Debug;
		};
		28380DEE28C8395100484E9A /* Release */ = {
			isa = XCBuildConfiguration;
			buildSettings = {
				ALWAYS_SEARCH_USER_PATHS = NO;
				CLANG_ANALYZER_NONNULL = YES;
				CLANG_ANALYZER_NUMBER_OBJECT_CONVERSION = YES_AGGRESSIVE;
				CLANG_CXX_LANGUAGE_STANDARD = "gnu++17";
				CLANG_ENABLE_MODULES = YES;
				CLANG_ENABLE_OBJC_ARC = YES;
				CLANG_ENABLE_OBJC_WEAK = YES;
				CLANG_WARN_BLOCK_CAPTURE_AUTORELEASING = YES;
				CLANG_WARN_BOOL_CONVERSION = YES;
				CLANG_WARN_COMMA = YES;
				CLANG_WARN_CONSTANT_CONVERSION = YES;
				CLANG_WARN_DEPRECATED_OBJC_IMPLEMENTATIONS = YES;
				CLANG_WARN_DIRECT_OBJC_ISA_USAGE = YES_ERROR;
				CLANG_WARN_DOCUMENTATION_COMMENTS = YES;
				CLANG_WARN_EMPTY_BODY = YES;
				CLANG_WARN_ENUM_CONVERSION = YES;
				CLANG_WARN_INFINITE_RECURSION = YES;
				CLANG_WARN_INT_CONVERSION = YES;
				CLANG_WARN_NON_LITERAL_NULL_CONVERSION = YES;
				CLANG_WARN_OBJC_IMPLICIT_RETAIN_SELF = YES;
				CLANG_WARN_OBJC_LITERAL_CONVERSION = YES;
				CLANG_WARN_OBJC_ROOT_CLASS = YES_ERROR;
				CLANG_WARN_QUOTED_INCLUDE_IN_FRAMEWORK_HEADER = YES;
				CLANG_WARN_RANGE_LOOP_ANALYSIS = YES;
				CLANG_WARN_STRICT_PROTOTYPES = YES;
				CLANG_WARN_SUSPICIOUS_MOVE = YES;
				CLANG_WARN_UNGUARDED_AVAILABILITY = YES_AGGRESSIVE;
				CLANG_WARN_UNREACHABLE_CODE = YES;
				CLANG_WARN__DUPLICATE_METHOD_MATCH = YES;
				COPY_PHASE_STRIP = NO;
				DEBUG_INFORMATION_FORMAT = "dwarf-with-dsym";
				ENABLE_NS_ASSERTIONS = NO;
				ENABLE_STRICT_OBJC_MSGSEND = YES;
				GCC_C_LANGUAGE_STANDARD = gnu11;
				GCC_NO_COMMON_BLOCKS = YES;
				GCC_WARN_64_TO_32_BIT_CONVERSION = YES;
				GCC_WARN_ABOUT_RETURN_TYPE = YES_ERROR;
				GCC_WARN_UNDECLARED_SELECTOR = YES;
				GCC_WARN_UNINITIALIZED_AUTOS = YES_AGGRESSIVE;
				GCC_WARN_UNUSED_FUNCTION = YES;
				GCC_WARN_UNUSED_VARIABLE = YES;
				IPHONEOS_DEPLOYMENT_TARGET = 15.5;
				MTL_ENABLE_DEBUG_INFO = NO;
				MTL_FAST_MATH = YES;
				SDKROOT = iphoneos;
				SWIFT_COMPILATION_MODE = wholemodule;
				SWIFT_OPTIMIZATION_LEVEL = "-O";
				VALIDATE_PRODUCT = YES;
			};
			name = Release;
		};
		28380DF028C8395100484E9A /* Debug */ = {
			isa = XCBuildConfiguration;
			buildSettings = {
				ASSETCATALOG_COMPILER_APPICON_NAME = AppIcon;
				ASSETCATALOG_COMPILER_GLOBAL_ACCENT_COLOR_NAME = AccentColor;
				CODE_SIGN_STYLE = Automatic;
				CURRENT_PROJECT_VERSION = 1;
				GENERATE_INFOPLIST_FILE = YES;
				INFOPLIST_FILE = OwnPhrase/Info.plist;
				INFOPLIST_KEY_UIApplicationSupportsIndirectInputEvents = YES;
				INFOPLIST_KEY_UILaunchStoryboardName = LaunchScreen;
				INFOPLIST_KEY_UISupportedInterfaceOrientations = UIInterfaceOrientationPortrait;
				INFOPLIST_KEY_UISupportedInterfaceOrientations_iPad = "UIInterfaceOrientationPortrait UIInterfaceOrientationPortraitUpsideDown UIInterfaceOrientationLandscapeLeft UIInterfaceOrientationLandscapeRight";
				INFOPLIST_KEY_UISupportedInterfaceOrientations_iPhone = "UIInterfaceOrientationPortrait UIInterfaceOrientationLandscapeLeft UIInterfaceOrientationLandscapeRight";
				IPHONEOS_DEPLOYMENT_TARGET = 15.0;
				LD_RUNPATH_SEARCH_PATHS = (
					"$(inherited)",
					"@executable_path/Frameworks",
				);
				MARKETING_VERSION = 1.0;
				PRODUCT_BUNDLE_IDENTIFIER = com.daniel.OwnPhrase;
				PRODUCT_NAME = "$(TARGET_NAME)";
				SWIFT_EMIT_LOC_STRINGS = YES;
				SWIFT_VERSION = 5.0;
				TARGETED_DEVICE_FAMILY = 1;
			};
			name = Debug;
		};
		28380DF128C8395100484E9A /* Release */ = {
			isa = XCBuildConfiguration;
			buildSettings = {
				ASSETCATALOG_COMPILER_APPICON_NAME = AppIcon;
				ASSETCATALOG_COMPILER_GLOBAL_ACCENT_COLOR_NAME = AccentColor;
				CODE_SIGN_STYLE = Automatic;
				CURRENT_PROJECT_VERSION = 1;
				GENERATE_INFOPLIST_FILE = YES;
				INFOPLIST_FILE = OwnPhrase/Info.plist;
				INFOPLIST_KEY_UIApplicationSupportsIndirectInputEvents = YES;
				INFOPLIST_KEY_UILaunchStoryboardName = LaunchScreen;
				INFOPLIST_KEY_UISupportedInterfaceOrientations = UIInterfaceOrientationPortrait;
				INFOPLIST_KEY_UISupportedInterfaceOrientations_iPad = "UIInterfaceOrientationPortrait UIInterfaceOrientationPortraitUpsideDown UIInterfaceOrientationLandscapeLeft UIInterfaceOrientationLandscapeRight";
				INFOPLIST_KEY_UISupportedInterfaceOrientations_iPhone = "UIInterfaceOrientationPortrait UIInterfaceOrientationLandscapeLeft UIInterfaceOrientationLandscapeRight";
				IPHONEOS_DEPLOYMENT_TARGET = 15.0;
				LD_RUNPATH_SEARCH_PATHS = (
					"$(inherited)",
					"@executable_path/Frameworks",
				);
				MARKETING_VERSION = 1.0;
				PRODUCT_BUNDLE_IDENTIFIER = com.daniel.OwnPhrase;
				PRODUCT_NAME = "$(TARGET_NAME)";
				SWIFT_EMIT_LOC_STRINGS = YES;
				SWIFT_VERSION = 5.0;
				TARGETED_DEVICE_FAMILY = 1;
			};
			name = Release;
		};
/* End XCBuildConfiguration section */

/* Begin XCConfigurationList section */
		28380DD328C8394F00484E9A /* Build configuration list for PBXProject "OwnPhrase" */ = {
			isa = XCConfigurationList;
			buildConfigurations = (
				28380DED28C8395100484E9A /* Debug */,
				28380DEE28C8395100484E9A /* Release */,
			);
			defaultConfigurationIsVisible = 0;
			defaultConfigurationName = Release;
		};
		28380DEF28C8395100484E9A /* Build configuration list for PBXNativeTarget "OwnPhrase" */ = {
			isa = XCConfigurationList;
			buildConfigurations = (
				28380DF028C8395100484E9A /* Debug */,
				28380DF128C8395100484E9A /* Release */,
			);
			defaultConfigurationIsVisible = 0;
			defaultConfigurationName = Release;
		};
/* End XCConfigurationList section */

/* Begin XCVersionGroup section */
		28380DE428C8394F00484E9A /* OwnPhrase.xcdatamodeld */ = {
			isa = XCVersionGroup;
			children = (
				28380DE528C8394F00484E9A /* OwnPhrase.xcdatamodel */,
			);
			currentVersion = 28380DE528C8394F00484E9A /* OwnPhrase.xcdatamodel */;
			path = OwnPhrase.xcdatamodeld;
			sourceTree = "<group>";
			versionGroupType = wrapper.xcdatamodel;
		};
/* End XCVersionGroup section */
	};
	rootObject = 28380DD028C8394F00484E9A /* Project object */;
}
